
Microsoft Visual Studio Solution File, Format Version 11.00
# Visual C# Express 2010
Project("{FAE04EC0-301F-11D3-BF4B-00C04F79EFBC}") = "checkbox", "checkbox\checkbox.csproj", "{90B1C2F5-0678-481F-8C0B-D6C1A0DA0778}"
EndProject
Global
	GlobalSection(SolutionConfigurationPlatforms) = preSolution
		Debug|x86 = Debug|x86
		Release|x86 = Release|x86
	EndGlobalSection
	GlobalSection(ProjectConfigurationPlatforms) = postSolution
		{90B1C2F5-0678-481F-8C0B-D6C1A0DA0778}.Debug|x86.ActiveCfg = Debug|x86
		{90B1C2F5-0678-481F-8C0B-D6C1A0DA0778}.Debug|x86.Build.0 = Debug|x86
		{90B1C2F5-0678-481F-8C0B-D6C1A0DA0778}.Release|x86.ActiveCfg = Release|x86
		{90B1C2F5-0678-481F-8C0B-D6C1A0DA0778}.Release|x86.Build.0 = Release|x86
	EndGlobalSection
	GlobalSection(SolutionProperties) = preSolution
		HideSolutionNode = FALSE
	EndGlobalSection
EndGlobal
