
Microsoft Visual Studio Solution File, Format Version 12.00
# Visual Studio 15
VisualStudioVersion = 15.0.28010.2041
MinimumVisualStudioVersion = 10.0.40219.1
Project("{FAE04EC0-301F-11D3-BF4B-00C04F79EFBC}") = "brsys10to2", "brsys10to2\brsys10to2.csproj", "{48D24266-EEAB-4A85-BFA6-158F42CB87D9}"
EndProject
Project("{FAE04EC0-301F-11D3-BF4B-00C04F79EFBC}") = "brsys2to10", "..\brsys2to10\brsys2to10.csproj", "{CBBA7265-ACB5-4B25-8F1D-EA4D45FDF857}"
EndProject
Global
	GlobalSection(SolutionConfigurationPlatforms) = preSolution
		Debug|Any CPU = Debug|Any CPU
		Release|Any CPU = Release|Any CPU
	EndGlobalSection
	GlobalSection(ProjectConfigurationPlatforms) = postSolution
		{48D24266-EEAB-4A85-BFA6-158F42CB87D9}.Debug|Any CPU.ActiveCfg = Debug|Any CPU
		{48D24266-EEAB-4A85-BFA6-158F42CB87D9}.Debug|Any CPU.Build.0 = Debug|Any CPU
		{48D24266-EEAB-4A85-BFA6-158F42CB87D9}.Release|Any CPU.ActiveCfg = Release|Any CPU
		{48D24266-EEAB-4A85-BFA6-158F42CB87D9}.Release|Any CPU.Build.0 = Release|Any CPU
		{CBBA7265-ACB5-4B25-8F1D-EA4D45FDF857}.Debug|Any CPU.ActiveCfg = Debug|Any CPU
		{CBBA7265-ACB5-4B25-8F1D-EA4D45FDF857}.Debug|Any CPU.Build.0 = Debug|Any CPU
		{CBBA7265-ACB5-4B25-8F1D-EA4D45FDF857}.Release|Any CPU.ActiveCfg = Release|Any CPU
		{CBBA7265-ACB5-4B25-8F1D-EA4D45FDF857}.Release|Any CPU.Build.0 = Release|Any CPU
	EndGlobalSection
	GlobalSection(SolutionProperties) = preSolution
		HideSolutionNode = FALSE
	EndGlobalSection
	GlobalSection(ExtensibilityGlobals) = postSolution
		SolutionGuid = {0E9ECDE7-2172-4EAD-8C21-B3707ABFDC92}
	EndGlobalSection
EndGlobal
